
Microsoft Visual Studio Solution File, Format Version 12.00
# Visual Studio Version 16
VisualStudioVersion = 16.0.30907.101
MinimumVisualStudioVersion = 10.0.40219.1
Project("{9A19103F-16F7-4668-BE54-9A1E7A4F7556}") = "Entities", "Entities\Entities.csproj", "{3101443A-6ABD-4CE8-AE13-B0021AACEB5E}"
EndProject
Project("{9A19103F-16F7-4668-BE54-9A1E7A4F7556}") = "DataAccess", "DataAccess\DataAccess.csproj", "{36B54CA9-AE00-4F9D-B4ED-0C730538BBE5}"
EndProject
Project("{9A19103F-16F7-4668-BE54-9A1E7A4F7556}") = "Business", "Business\Business.csproj", "{1F3AC676-9B17-4B93-AD2A-035021A0BA17}"
EndProject
Project("{9A19103F-16F7-4668-BE54-9A1E7A4F7556}") = "ConsoleUI", "ConsoleUI\ConsoleUI.csproj", "{D1EAD025-56FE-4A0C-B636-39A55CDF35A3}"
EndProject
Project("{9A19103F-16F7-4668-BE54-9A1E7A4F7556}") = "Core", "Core\Core.csproj", "{20A6DFE7-37FB-41FA-B759-CADD70F23C73}"
EndProject
Project("{9A19103F-16F7-4668-BE54-9A1E7A4F7556}") = "WebAPI", "WebAPI\WebAPI.csproj", "{6668B34B-A70E-4D86-8A3F-DA90E1905C71}"
EndProject
Global
	GlobalSection(SolutionConfigurationPlatforms) = preSolution
		Debug|Any CPU = Debug|Any CPU
		Release|Any CPU = Release|Any CPU
	EndGlobalSection
	GlobalSection(ProjectConfigurationPlatforms) = postSolution
		{3101443A-6ABD-4CE8-AE13-B0021AACEB5E}.Debug|Any CPU.ActiveCfg = Debug|Any CPU
		{3101443A-6ABD-4CE8-AE13-B0021AACEB5E}.Debug|Any CPU.Build.0 = Debug|Any CPU
		{3101443A-6ABD-4CE8-AE13-B0021AACEB5E}.Release|Any CPU.ActiveCfg = Release|Any CPU
		{3101443A-6ABD-4CE8-AE13-B0021AACEB5E}.Release|Any CPU.Build.0 = Release|Any CPU
		{36B54CA9-AE00-4F9D-B4ED-0C730538BBE5}.Debug|Any CPU.ActiveCfg = Debug|Any CPU
		{36B54CA9-AE00-4F9D-B4ED-0C730538BBE5}.Debug|Any CPU.Build.0 = Debug|Any CPU
		{36B54CA9-AE00-4F9D-B4ED-0C730538BBE5}.Release|Any CPU.ActiveCfg = Release|Any CPU
		{36B54CA9-AE00-4F9D-B4ED-0C730538BBE5}.Release|Any CPU.Build.0 = Release|Any CPU
		{1F3AC676-9B17-4B93-AD2A-035021A0BA17}.Debug|Any CPU.ActiveCfg = Debug|Any CPU
		{1F3AC676-9B17-4B93-AD2A-035021A0BA17}.Debug|Any CPU.Build.0 = Debug|Any CPU
		{1F3AC676-9B17-4B93-AD2A-035021A0BA17}.Release|Any CPU.ActiveCfg = Release|Any CPU
		{1F3AC676-9B17-4B93-AD2A-035021A0BA17}.Release|Any CPU.Build.0 = Release|Any CPU
		{D1EAD025-56FE-4A0C-B636-39A55CDF35A3}.Debug|Any CPU.ActiveCfg = Debug|Any CPU
		{D1EAD025-56FE-4A0C-B636-39A55CDF35A3}.Debug|Any CPU.Build.0 = Debug|Any CPU
		{D1EAD025-56FE-4A0C-B636-39A55CDF35A3}.Release|Any CPU.ActiveCfg = Release|Any CPU
		{D1EAD025-56FE-4A0C-B636-39A55CDF35A3}.Release|Any CPU.Build.0 = Release|Any CPU
		{20A6DFE7-37FB-41FA-B759-CADD70F23C73}.Debug|Any CPU.ActiveCfg = Debug|Any CPU
		{20A6DFE7-37FB-41FA-B759-CADD70F23C73}.Debug|Any CPU.Build.0 = Debug|Any CPU
		{20A6DFE7-37FB-41FA-B759-CADD70F23C73}.Release|Any CPU.ActiveCfg = Release|Any CPU
		{20A6DFE7-37FB-41FA-B759-CADD70F23C73}.Release|Any CPU.Build.0 = Release|Any CPU
		{6668B34B-A70E-4D86-8A3F-DA90E1905C71}.Debug|Any CPU.ActiveCfg = Debug|Any CPU
		{6668B34B-A70E-4D86-8A3F-DA90E1905C71}.Debug|Any CPU.Build.0 = Debug|Any CPU
		{6668B34B-A70E-4D86-8A3F-DA90E1905C71}.Release|Any CPU.ActiveCfg = Release|Any CPU
		{6668B34B-A70E-4D86-8A3F-DA90E1905C71}.Release|Any CPU.Build.0 = Release|Any CPU
	EndGlobalSection
	GlobalSection(SolutionProperties) = preSolution
		HideSolutionNode = FALSE
	EndGlobalSection
	GlobalSection(ExtensibilityGlobals) = postSolution
		SolutionGuid = {B981FC5B-07DB-4E9D-A53D-EC9E19931AAB}
	EndGlobalSection
EndGlobal
